
Microsoft Visual Studio Solution File, Format Version 12.00
# Visual Studio Version 17
VisualStudioVersion = 17.0.31903.59
MinimumVisualStudioVersion = 10.0.40219.1
Project("{FAE04EC0-301F-11D3-BF4B-00C04F79EFBC}") = "Calgon.Host", "Calgon.Host\Calgon.Host.csproj", "{74EE9764-F85C-4F1D-BD9C-9B4480102FC1}"
EndProject
Project("{FAE04EC0-301F-11D3-BF4B-00C04F79EFBC}") = "Calgon.Host.Tests", "Calgon.Host.Tests\Calgon.Host.Tests.csproj", "{58D07343-EA93-4528-890D-97F3973B3EF3}"
EndProject
Global
	GlobalSection(SolutionConfigurationPlatforms) = preSolution
		Debug|Any CPU = Debug|Any CPU
		Release|Any CPU = Release|Any CPU
	EndGlobalSection
	GlobalSection(SolutionProperties) = preSolution
		HideSolutionNode = FALSE
	EndGlobalSection
	GlobalSection(ProjectConfigurationPlatforms) = postSolution
		{74EE9764-F85C-4F1D-BD9C-9B4480102FC1}.Debug|Any CPU.ActiveCfg = Debug|Any CPU
		{74EE9764-F85C-4F1D-BD9C-9B4480102FC1}.Debug|Any CPU.Build.0 = Debug|Any CPU
		{74EE9764-F85C-4F1D-BD9C-9B4480102FC1}.Release|Any CPU.ActiveCfg = Release|Any CPU
		{74EE9764-F85C-4F1D-BD9C-9B4480102FC1}.Release|Any CPU.Build.0 = Release|Any CPU
		{58D07343-EA93-4528-890D-97F3973B3EF3}.Debug|Any CPU.ActiveCfg = Debug|Any CPU
		{58D07343-EA93-4528-890D-97F3973B3EF3}.Debug|Any CPU.Build.0 = Debug|Any CPU
		{58D07343-EA93-4528-890D-97F3973B3EF3}.Release|Any CPU.ActiveCfg = Release|Any CPU
		{58D07343-EA93-4528-890D-97F3973B3EF3}.Release|Any CPU.Build.0 = Release|Any CPU
	EndGlobalSection
EndGlobal
